
Microsoft Visual Studio Solution File, Format Version 12.00
# Visual Studio Version 17
VisualStudioVersion = 17.5.33530.505
MinimumVisualStudioVersion = 10.0.40219.1
Project("{F184B08F-C81C-45F6-A57F-5ABD9991F28F}") = "Allink", "Allink\Allink.vbproj", "{C5288DFF-7184-4D97-A98B-B0E70D6A8F93}"
EndProject
Global
	GlobalSection(SolutionConfigurationPlatforms) = preSolution
		Debug|Any CPU = Debug|Any CPU
		Release|Any CPU = Release|Any CPU
	EndGlobalSection
	GlobalSection(ProjectConfigurationPlatforms) = postSolution
		{C5288DFF-7184-4D97-A98B-B0E70D6A8F93}.Debug|Any CPU.ActiveCfg = Debug|Any CPU
		{C5288DFF-7184-4D97-A98B-B0E70D6A8F93}.Debug|Any CPU.Build.0 = Debug|Any CPU
		{C5288DFF-7184-4D97-A98B-B0E70D6A8F93}.Release|Any CPU.ActiveCfg = Release|Any CPU
		{C5288DFF-7184-4D97-A98B-B0E70D6A8F93}.Release|Any CPU.Build.0 = Release|Any CPU
	EndGlobalSection
	GlobalSection(SolutionProperties) = preSolution
		HideSolutionNode = FALSE
	EndGlobalSection
	GlobalSection(ExtensibilityGlobals) = postSolution
		SolutionGuid = {AEDF5442-3B2E-45B6-8998-B26F46A02C81}
	EndGlobalSection
EndGlobal
